# Generated by pub
# See http://pub.dartlang.org/doc/glossary.html#lockfile
packages:
  matcher:
    description: matcher
    source: hosted
    version: "0.11.0"
  path:
    description: path
    source: hosted
    version: "1.2.2"
  stack_trace:
    description: stack_trace
    source: hosted
    version: "1.0.2"
  unittest:
    description: unittest
    source: hosted
    version: "0.11.0+3"
